
Microsoft Visual Studio Solution File, Format Version 12.00
# Visual Studio Version 16
VisualStudioVersion = 16.0.29519.181
MinimumVisualStudioVersion = 10.0.40219.1
Project("{FAE04EC0-301F-11D3-BF4B-00C04F79EFBC}") = "AzureRatecard", "AzureRatecard\AzureRatecard.csproj", "{F38657FA-8A20-47D7-BCB7-C30870B1AE2E}"
EndProject
Project("{FAE04EC0-301F-11D3-BF4B-00C04F79EFBC}") = "UnitTests", "UnitTests\UnitTests.csproj", "{62C63A99-7755-4DF5-A5A2-10373EA53D66}"
EndProject
Global
	GlobalSection(SolutionConfigurationPlatforms) = preSolution
		Debug|Any CPU = Debug|Any CPU
		Release|Any CPU = Release|Any CPU
	EndGlobalSection
	GlobalSection(ProjectConfigurationPlatforms) = postSolution
		{F38657FA-8A20-47D7-BCB7-C30870B1AE2E}.Debug|Any CPU.ActiveCfg = Debug|Any CPU
		{F38657FA-8A20-47D7-BCB7-C30870B1AE2E}.Debug|Any CPU.Build.0 = Debug|Any CPU
		{F38657FA-8A20-47D7-BCB7-C30870B1AE2E}.Release|Any CPU.ActiveCfg = Release|Any CPU
		{F38657FA-8A20-47D7-BCB7-C30870B1AE2E}.Release|Any CPU.Build.0 = Release|Any CPU
		{62C63A99-7755-4DF5-A5A2-10373EA53D66}.Debug|Any CPU.ActiveCfg = Debug|Any CPU
		{62C63A99-7755-4DF5-A5A2-10373EA53D66}.Debug|Any CPU.Build.0 = Debug|Any CPU
		{62C63A99-7755-4DF5-A5A2-10373EA53D66}.Release|Any CPU.ActiveCfg = Release|Any CPU
		{62C63A99-7755-4DF5-A5A2-10373EA53D66}.Release|Any CPU.Build.0 = Release|Any CPU
	EndGlobalSection
	GlobalSection(SolutionProperties) = preSolution
		HideSolutionNode = FALSE
	EndGlobalSection
	GlobalSection(ExtensibilityGlobals) = postSolution
		SolutionGuid = {AF8A4E2A-9280-4578-91DD-CB4C399683AD}
	EndGlobalSection
EndGlobal
